
Microsoft Visual Studio Solution File, Format Version 12.00
# Visual Studio 2013
VisualStudioVersion = 12.0.31101.0
MinimumVisualStudioVersion = 10.0.40219.1
Project("{F184B08F-C81C-45F6-A57F-5ABD9991F28F}") = "Deus Legem", "Deus Legem\Deus Legem.vbproj", "{0D72E99F-FAF2-4010-B958-85D44CD21CC6}"
EndProject
Project("{F184B08F-C81C-45F6-A57F-5ABD9991F28F}") = "WADV.TextModule", "WADV.TextModule\WADV.TextModule.vbproj", "{67F83B68-5996-4AF6-B596-FDA9BEFD9A4C}"
EndProject
Project("{F184B08F-C81C-45F6-A57F-5ABD9991F28F}") = "WADV.ChoiceModule", "WADV.ChoiceModule\WADV.ChoiceModule.vbproj", "{EECE56F4-F266-4F3E-80CE-79EB7B28FE21}"
EndProject
Project("{F184B08F-C81C-45F6-A57F-5ABD9991F28F}") = "WADV.MediaModule", "WADV.MediaModule\WADV.MediaModule.vbproj", "{9C43548F-6BF1-4423-8BCB-CD6BACDB1F5F}"
EndProject
Project("{F184B08F-C81C-45F6-A57F-5ABD9991F28F}") = "WPSoft.SpriteEffectPack", "WPSoft.SpriteEffectPack\WPSoft.SpriteEffectPack.vbproj", "{026EBB7B-5D90-49FD-8997-E78F20BC4A24}"
EndProject
Project("{F184B08F-C81C-45F6-A57F-5ABD9991F28F}") = "WADV.AchievementModule", "WADV.AchievementModule\WADV.AchievementModule.vbproj", "{2C7AADF4-B81C-4C0E-AA6E-502C25349004}"
EndProject
Project("{F184B08F-C81C-45F6-A57F-5ABD9991F28F}") = "WPSoft.ChoiceEffectPack", "WPSoft.ChoiceStylePack\WPSoft.ChoiceEffectPack.vbproj", "{BD458AFF-B33F-41CA-A94E-30BB051E01AE}"
EndProject
Project("{F184B08F-C81C-45F6-A57F-5ABD9991F28F}") = "WPSoft.TextEffectPack", "WPSoft.TextEffectPack\WPSoft.TextEffectPack.vbproj", "{00602172-D242-4646-93BD-E47109A43976}"
EndProject
Project("{F184B08F-C81C-45F6-A57F-5ABD9991F28F}") = "WPSoft.DLPages", "WPSoft.DLPages\WPSoft.DLPages.vbproj", "{9E975B7A-AF5D-4F27-B342-829DD678021D}"
EndProject
Project("{F184B08F-C81C-45F6-A57F-5ABD9991F28F}") = "WPSoft.DLAchievements", "WPSoft.DLAchievements\WPSoft.DLAchievements.vbproj", "{72C88546-AB11-4B2C-BF82-689047B13081}"
EndProject
Project("{F184B08F-C81C-45F6-A57F-5ABD9991F28F}") = "WADV.SpriteModule", "WADV.SpriteModule\WADV.SpriteModule.vbproj", "{490EE212-CA5E-43AF-8115-B6971DA139F9}"
EndProject
Project("{F184B08F-C81C-45F6-A57F-5ABD9991F28F}") = "WADV.Core", "WADV.Core\WADV.Core.vbproj", "{C0B62E00-90C8-44A7-8134-EF91AD01B50F}"
EndProject
Project("{F184B08F-C81C-45F6-A57F-5ABD9991F28F}") = "WPSoft.ShaderEffectPack", "WPSoft.ShaderEffectPack\WPSoft.ShaderEffectPack.vbproj", "{7D341C25-2AB5-4BB2-90C0-3B6702633536}"
EndProject
Project("{F184B08F-C81C-45F6-A57F-5ABD9991F28F}") = "WPSoft.ShaderEffectPack2", "WPSoft.ShaderEffectPack2\WPSoft.ShaderEffectPack2.vbproj", "{30067C53-03E8-4964-935E-01E131AC2D48}"
EndProject
Project("{F184B08F-C81C-45F6-A57F-5ABD9991F28F}") = "WPSoft.ShaderEffectPack3", "WPSoft.ShaderEffectPack3\WPSoft.ShaderEffectPack3.vbproj", "{A6EAB05E-30D4-4FA3-80E6-3E1D51F2BFE9}"
EndProject
Project("{F184B08F-C81C-45F6-A57F-5ABD9991F28F}") = "WADV.ShaderModule", "WADV.ShaderModule\WADV.ShaderModule.vbproj", "{24E7211A-DFEB-40C7-A08C-62BDE28443E6}"
EndProject
Project("{F184B08F-C81C-45F6-A57F-5ABD9991F28F}") = "WADV.PhysicsModule", "WADV.PhysicsModule\WADV.PhysicsModule.vbproj", "{E8D4046B-2AB0-4EFD-8F38-C2A7BD77E997}"
EndProject
Project("{F184B08F-C81C-45F6-A57F-5ABD9991F28F}") = "WADV.LuaSupport", "WADV.LuaSupport\WADV.LuaSupport.vbproj", "{CE3761F5-1C5E-4B0D-A46C-E11682E67C1C}"
EndProject
Global
	GlobalSection(SolutionConfigurationPlatforms) = preSolution
		Debug|Any CPU = Debug|Any CPU
		Debug|Mixed Platforms = Debug|Mixed Platforms
		Debug|Win32 = Debug|Win32
		Release|Any CPU = Release|Any CPU
		Release|Mixed Platforms = Release|Mixed Platforms
		Release|Win32 = Release|Win32
	EndGlobalSection
	GlobalSection(ProjectConfigurationPlatforms) = postSolution
		{0D72E99F-FAF2-4010-B958-85D44CD21CC6}.Debug|Any CPU.ActiveCfg = Debug|Any CPU
		{0D72E99F-FAF2-4010-B958-85D44CD21CC6}.Debug|Any CPU.Build.0 = Debug|Any CPU
		{0D72E99F-FAF2-4010-B958-85D44CD21CC6}.Debug|Mixed Platforms.ActiveCfg = Debug|Any CPU
		{0D72E99F-FAF2-4010-B958-85D44CD21CC6}.Debug|Mixed Platforms.Build.0 = Debug|Any CPU
		{0D72E99F-FAF2-4010-B958-85D44CD21CC6}.Debug|Win32.ActiveCfg = Debug|Any CPU
		{0D72E99F-FAF2-4010-B958-85D44CD21CC6}.Release|Any CPU.ActiveCfg = Release|Any CPU
		{0D72E99F-FAF2-4010-B958-85D44CD21CC6}.Release|Any CPU.Build.0 = Release|Any CPU
		{0D72E99F-FAF2-4010-B958-85D44CD21CC6}.Release|Mixed Platforms.ActiveCfg = Release|Any CPU
		{0D72E99F-FAF2-4010-B958-85D44CD21CC6}.Release|Mixed Platforms.Build.0 = Release|Any CPU
		{0D72E99F-FAF2-4010-B958-85D44CD21CC6}.Release|Win32.ActiveCfg = Release|Any CPU
		{67F83B68-5996-4AF6-B596-FDA9BEFD9A4C}.Debug|Any CPU.ActiveCfg = Debug|Any CPU
		{67F83B68-5996-4AF6-B596-FDA9BEFD9A4C}.Debug|Any CPU.Build.0 = Debug|Any CPU
		{67F83B68-5996-4AF6-B596-FDA9BEFD9A4C}.Debug|Mixed Platforms.ActiveCfg = Debug|Any CPU
		{67F83B68-5996-4AF6-B596-FDA9BEFD9A4C}.Debug|Mixed Platforms.Build.0 = Debug|Any CPU
		{67F83B68-5996-4AF6-B596-FDA9BEFD9A4C}.Debug|Win32.ActiveCfg = Debug|Any CPU
		{67F83B68-5996-4AF6-B596-FDA9BEFD9A4C}.Release|Any CPU.ActiveCfg = Release|Any CPU
		{67F83B68-5996-4AF6-B596-FDA9BEFD9A4C}.Release|Any CPU.Build.0 = Release|Any CPU
		{67F83B68-5996-4AF6-B596-FDA9BEFD9A4C}.Release|Mixed Platforms.ActiveCfg = Release|Any CPU
		{67F83B68-5996-4AF6-B596-FDA9BEFD9A4C}.Release|Mixed Platforms.Build.0 = Release|Any CPU
		{67F83B68-5996-4AF6-B596-FDA9BEFD9A4C}.Release|Win32.ActiveCfg = Release|Any CPU
		{EECE56F4-F266-4F3E-80CE-79EB7B28FE21}.Debug|Any CPU.ActiveCfg = Debug|Any CPU
		{EECE56F4-F266-4F3E-80CE-79EB7B28FE21}.Debug|Any CPU.Build.0 = Debug|Any CPU
		{EECE56F4-F266-4F3E-80CE-79EB7B28FE21}.Debug|Mixed Platforms.ActiveCfg = Debug|Any CPU
		{EECE56F4-F266-4F3E-80CE-79EB7B28FE21}.Debug|Mixed Platforms.Build.0 = Debug|Any CPU
		{EECE56F4-F266-4F3E-80CE-79EB7B28FE21}.Debug|Win32.ActiveCfg = Debug|Any CPU
		{EECE56F4-F266-4F3E-80CE-79EB7B28FE21}.Release|Any CPU.ActiveCfg = Release|Any CPU
		{EECE56F4-F266-4F3E-80CE-79EB7B28FE21}.Release|Any CPU.Build.0 = Release|Any CPU
		{EECE56F4-F266-4F3E-80CE-79EB7B28FE21}.Release|Mixed Platforms.ActiveCfg = Release|Any CPU
		{EECE56F4-F266-4F3E-80CE-79EB7B28FE21}.Release|Mixed Platforms.Build.0 = Release|Any CPU
		{EECE56F4-F266-4F3E-80CE-79EB7B28FE21}.Release|Win32.ActiveCfg = Release|Any CPU
		{9C43548F-6BF1-4423-8BCB-CD6BACDB1F5F}.Debug|Any CPU.ActiveCfg = Debug|Any CPU
		{9C43548F-6BF1-4423-8BCB-CD6BACDB1F5F}.Debug|Any CPU.Build.0 = Debug|Any CPU
		{9C43548F-6BF1-4423-8BCB-CD6BACDB1F5F}.Debug|Mixed Platforms.ActiveCfg = Debug|Any CPU
		{9C43548F-6BF1-4423-8BCB-CD6BACDB1F5F}.Debug|Mixed Platforms.Build.0 = Debug|Any CPU
		{9C43548F-6BF1-4423-8BCB-CD6BACDB1F5F}.Debug|Win32.ActiveCfg = Debug|Any CPU
		{9C43548F-6BF1-4423-8BCB-CD6BACDB1F5F}.Release|Any CPU.ActiveCfg = Release|Any CPU
		{9C43548F-6BF1-4423-8BCB-CD6BACDB1F5F}.Release|Any CPU.Build.0 = Release|Any CPU
		{9C43548F-6BF1-4423-8BCB-CD6BACDB1F5F}.Release|Mixed Platforms.ActiveCfg = Release|Any CPU
		{9C43548F-6BF1-4423-8BCB-CD6BACDB1F5F}.Release|Mixed Platforms.Build.0 = Release|Any CPU
		{9C43548F-6BF1-4423-8BCB-CD6BACDB1F5F}.Release|Win32.ActiveCfg = Release|Any CPU
		{026EBB7B-5D90-49FD-8997-E78F20BC4A24}.Debug|Any CPU.ActiveCfg = Debug|Any CPU
		{026EBB7B-5D90-49FD-8997-E78F20BC4A24}.Debug|Any CPU.Build.0 = Debug|Any CPU
		{026EBB7B-5D90-49FD-8997-E78F20BC4A24}.Debug|Mixed Platforms.ActiveCfg = Debug|Any CPU
		{026EBB7B-5D90-49FD-8997-E78F20BC4A24}.Debug|Mixed Platforms.Build.0 = Debug|Any CPU
		{026EBB7B-5D90-49FD-8997-E78F20BC4A24}.Debug|Win32.ActiveCfg = Debug|Any CPU
		{026EBB7B-5D90-49FD-8997-E78F20BC4A24}.Release|Any CPU.ActiveCfg = Release|Any CPU
		{026EBB7B-5D90-49FD-8997-E78F20BC4A24}.Release|Any CPU.Build.0 = Release|Any CPU
		{026EBB7B-5D90-49FD-8997-E78F20BC4A24}.Release|Mixed Platforms.ActiveCfg = Release|Any CPU
		{026EBB7B-5D90-49FD-8997-E78F20BC4A24}.Release|Mixed Platforms.Build.0 = Release|Any CPU
		{026EBB7B-5D90-49FD-8997-E78F20BC4A24}.Release|Win32.ActiveCfg = Release|Any CPU
		{2C7AADF4-B81C-4C0E-AA6E-502C25349004}.Debug|Any CPU.ActiveCfg = Debug|Any CPU
		{2C7AADF4-B81C-4C0E-AA6E-502C25349004}.Debug|Any CPU.Build.0 = Debug|Any CPU
		{2C7AADF4-B81C-4C0E-AA6E-502C25349004}.Debug|Mixed Platforms.ActiveCfg = Debug|Any CPU
		{2C7AADF4-B81C-4C0E-AA6E-502C25349004}.Debug|Mixed Platforms.Build.0 = Debug|Any CPU
		{2C7AADF4-B81C-4C0E-AA6E-502C25349004}.Debug|Win32.ActiveCfg = Debug|Any CPU
		{2C7AADF4-B81C-4C0E-AA6E-502C25349004}.Release|Any CPU.ActiveCfg = Release|Any CPU
		{2C7AADF4-B81C-4C0E-AA6E-502C25349004}.Release|Any CPU.Build.0 = Release|Any CPU
		{2C7AADF4-B81C-4C0E-AA6E-502C25349004}.Release|Mixed Platforms.ActiveCfg = Release|Any CPU
		{2C7AADF4-B81C-4C0E-AA6E-502C25349004}.Release|Mixed Platforms.Build.0 = Release|Any CPU
		{2C7AADF4-B81C-4C0E-AA6E-502C25349004}.Release|Win32.ActiveCfg = Release|Any CPU
		{BD458AFF-B33F-41CA-A94E-30BB051E01AE}.Debug|Any CPU.ActiveCfg = Debug|Any CPU
		{BD458AFF-B33F-41CA-A94E-30BB051E01AE}.Debug|Any CPU.Build.0 = Debug|Any CPU
		{BD458AFF-B33F-41CA-A94E-30BB051E01AE}.Debug|Mixed Platforms.ActiveCfg = Debug|Any CPU
		{BD458AFF-B33F-41CA-A94E-30BB051E01AE}.Debug|Mixed Platforms.Build.0 = Debug|Any CPU
		{BD458AFF-B33F-41CA-A94E-30BB051E01AE}.Debug|Win32.ActiveCfg = Debug|Any CPU
		{BD458AFF-B33F-41CA-A94E-30BB051E01AE}.Release|Any CPU.ActiveCfg = Release|Any CPU
		{BD458AFF-B33F-41CA-A94E-30BB051E01AE}.Release|Any CPU.Build.0 = Release|Any CPU
		{BD458AFF-B33F-41CA-A94E-30BB051E01AE}.Release|Mixed Platforms.ActiveCfg = Release|Any CPU
		{BD458AFF-B33F-41CA-A94E-30BB051E01AE}.Release|Mixed Platforms.Build.0 = Release|Any CPU
		{BD458AFF-B33F-41CA-A94E-30BB051E01AE}.Release|Win32.ActiveCfg = Release|Any CPU
		{00602172-D242-4646-93BD-E47109A43976}.Debug|Any CPU.ActiveCfg = Debug|Any CPU
		{00602172-D242-4646-93BD-E47109A43976}.Debug|Any CPU.Build.0 = Debug|Any CPU
		{00602172-D242-4646-93BD-E47109A43976}.Debug|Mixed Platforms.ActiveCfg = Debug|Any CPU
		{00602172-D242-4646-93BD-E47109A43976}.Debug|Mixed Platforms.Build.0 = Debug|Any CPU
		{00602172-D242-4646-93BD-E47109A43976}.Debug|Win32.ActiveCfg = Debug|Any CPU
		{00602172-D242-4646-93BD-E47109A43976}.Release|Any CPU.ActiveCfg = Release|Any CPU
		{00602172-D242-4646-93BD-E47109A43976}.Release|Any CPU.Build.0 = Release|Any CPU
		{00602172-D242-4646-93BD-E47109A43976}.Release|Mixed Platforms.ActiveCfg = Release|Any CPU
		{00602172-D242-4646-93BD-E47109A43976}.Release|Mixed Platforms.Build.0 = Release|Any CPU
		{00602172-D242-4646-93BD-E47109A43976}.Release|Win32.ActiveCfg = Release|Any CPU
		{9E975B7A-AF5D-4F27-B342-829DD678021D}.Debug|Any CPU.ActiveCfg = Debug|Any CPU
		{9E975B7A-AF5D-4F27-B342-829DD678021D}.Debug|Any CPU.Build.0 = Debug|Any CPU
		{9E975B7A-AF5D-4F27-B342-829DD678021D}.Debug|Mixed Platforms.ActiveCfg = Debug|Any CPU
		{9E975B7A-AF5D-4F27-B342-829DD678021D}.Debug|Mixed Platforms.Build.0 = Debug|Any CPU
		{9E975B7A-AF5D-4F27-B342-829DD678021D}.Debug|Win32.ActiveCfg = Debug|Any CPU
		{9E975B7A-AF5D-4F27-B342-829DD678021D}.Release|Any CPU.ActiveCfg = Release|Any CPU
		{9E975B7A-AF5D-4F27-B342-829DD678021D}.Release|Any CPU.Build.0 = Release|Any CPU
		{9E975B7A-AF5D-4F27-B342-829DD678021D}.Release|Mixed Platforms.ActiveCfg = Release|Any CPU
		{9E975B7A-AF5D-4F27-B342-829DD678021D}.Release|Mixed Platforms.Build.0 = Release|Any CPU
		{9E975B7A-AF5D-4F27-B342-829DD678021D}.Release|Win32.ActiveCfg = Release|Any CPU
		{72C88546-AB11-4B2C-BF82-689047B13081}.Debug|Any CPU.ActiveCfg = Debug|Any CPU
		{72C88546-AB11-4B2C-BF82-689047B13081}.Debug|Any CPU.Build.0 = Debug|Any CPU
		{72C88546-AB11-4B2C-BF82-689047B13081}.Debug|Mixed Platforms.ActiveCfg = Debug|Any CPU
		{72C88546-AB11-4B2C-BF82-689047B13081}.Debug|Mixed Platforms.Build.0 = Debug|Any CPU
		{72C88546-AB11-4B2C-BF82-689047B13081}.Debug|Win32.ActiveCfg = Debug|Any CPU
		{72C88546-AB11-4B2C-BF82-689047B13081}.Release|Any CPU.ActiveCfg = Release|Any CPU
		{72C88546-AB11-4B2C-BF82-689047B13081}.Release|Any CPU.Build.0 = Release|Any CPU
		{72C88546-AB11-4B2C-BF82-689047B13081}.Release|Mixed Platforms.ActiveCfg = Release|Any CPU
		{72C88546-AB11-4B2C-BF82-689047B13081}.Release|Mixed Platforms.Build.0 = Release|Any CPU
		{72C88546-AB11-4B2C-BF82-689047B13081}.Release|Win32.ActiveCfg = Release|Any CPU
		{490EE212-CA5E-43AF-8115-B6971DA139F9}.Debug|Any CPU.ActiveCfg = Debug|Any CPU
		{490EE212-CA5E-43AF-8115-B6971DA139F9}.Debug|Any CPU.Build.0 = Debug|Any CPU
		{490EE212-CA5E-43AF-8115-B6971DA139F9}.Debug|Mixed Platforms.ActiveCfg = Debug|Any CPU
		{490EE212-CA5E-43AF-8115-B6971DA139F9}.Debug|Mixed Platforms.Build.0 = Debug|Any CPU
		{490EE212-CA5E-43AF-8115-B6971DA139F9}.Debug|Win32.ActiveCfg = Debug|Any CPU
		{490EE212-CA5E-43AF-8115-B6971DA139F9}.Release|Any CPU.ActiveCfg = Release|Any CPU
		{490EE212-CA5E-43AF-8115-B6971DA139F9}.Release|Any CPU.Build.0 = Release|Any CPU
		{490EE212-CA5E-43AF-8115-B6971DA139F9}.Release|Mixed Platforms.ActiveCfg = Release|Any CPU
		{490EE212-CA5E-43AF-8115-B6971DA139F9}.Release|Mixed Platforms.Build.0 = Release|Any CPU
		{490EE212-CA5E-43AF-8115-B6971DA139F9}.Release|Win32.ActiveCfg = Release|Any CPU
		{C0B62E00-90C8-44A7-8134-EF91AD01B50F}.Debug|Any CPU.ActiveCfg = Debug|Any CPU
		{C0B62E00-90C8-44A7-8134-EF91AD01B50F}.Debug|Any CPU.Build.0 = Debug|Any CPU
		{C0B62E00-90C8-44A7-8134-EF91AD01B50F}.Debug|Mixed Platforms.ActiveCfg = Debug|Any CPU
		{C0B62E00-90C8-44A7-8134-EF91AD01B50F}.Debug|Mixed Platforms.Build.0 = Debug|Any CPU
		{C0B62E00-90C8-44A7-8134-EF91AD01B50F}.Debug|Win32.ActiveCfg = Debug|Any CPU
		{C0B62E00-90C8-44A7-8134-EF91AD01B50F}.Release|Any CPU.ActiveCfg = Release|Any CPU
		{C0B62E00-90C8-44A7-8134-EF91AD01B50F}.Release|Any CPU.Build.0 = Release|Any CPU
		{C0B62E00-90C8-44A7-8134-EF91AD01B50F}.Release|Mixed Platforms.ActiveCfg = Release|Any CPU
		{C0B62E00-90C8-44A7-8134-EF91AD01B50F}.Release|Mixed Platforms.Build.0 = Release|Any CPU
		{C0B62E00-90C8-44A7-8134-EF91AD01B50F}.Release|Win32.ActiveCfg = Release|Any CPU
		{7D341C25-2AB5-4BB2-90C0-3B6702633536}.Debug|Any CPU.ActiveCfg = Debug|Any CPU
		{7D341C25-2AB5-4BB2-90C0-3B6702633536}.Debug|Any CPU.Build.0 = Debug|Any CPU
		{7D341C25-2AB5-4BB2-90C0-3B6702633536}.Debug|Mixed Platforms.ActiveCfg = Debug|Any CPU
		{7D341C25-2AB5-4BB2-90C0-3B6702633536}.Debug|Mixed Platforms.Build.0 = Debug|Any CPU
		{7D341C25-2AB5-4BB2-90C0-3B6702633536}.Debug|Win32.ActiveCfg = Debug|Any CPU
		{7D341C25-2AB5-4BB2-90C0-3B6702633536}.Release|Any CPU.ActiveCfg = Release|Any CPU
		{7D341C25-2AB5-4BB2-90C0-3B6702633536}.Release|Any CPU.Build.0 = Release|Any CPU
		{7D341C25-2AB5-4BB2-90C0-3B6702633536}.Release|Mixed Platforms.ActiveCfg = Release|Any CPU
		{7D341C25-2AB5-4BB2-90C0-3B6702633536}.Release|Mixed Platforms.Build.0 = Release|Any CPU
		{7D341C25-2AB5-4BB2-90C0-3B6702633536}.Release|Win32.ActiveCfg = Release|Any CPU
		{30067C53-03E8-4964-935E-01E131AC2D48}.Debug|Any CPU.ActiveCfg = Debug|Any CPU
		{30067C53-03E8-4964-935E-01E131AC2D48}.Debug|Any CPU.Build.0 = Debug|Any CPU
		{30067C53-03E8-4964-935E-01E131AC2D48}.Debug|Mixed Platforms.ActiveCfg = Debug|Any CPU
		{30067C53-03E8-4964-935E-01E131AC2D48}.Debug|Mixed Platforms.Build.0 = Debug|Any CPU
		{30067C53-03E8-4964-935E-01E131AC2D48}.Debug|Win32.ActiveCfg = Debug|Any CPU
		{30067C53-03E8-4964-935E-01E131AC2D48}.Release|Any CPU.ActiveCfg = Release|Any CPU
		{30067C53-03E8-4964-935E-01E131AC2D48}.Release|Any CPU.Build.0 = Release|Any CPU
		{30067C53-03E8-4964-935E-01E131AC2D48}.Release|Mixed Platforms.ActiveCfg = Release|Any CPU
		{30067C53-03E8-4964-935E-01E131AC2D48}.Release|Mixed Platforms.Build.0 = Release|Any CPU
		{30067C53-03E8-4964-935E-01E131AC2D48}.Release|Win32.ActiveCfg = Release|Any CPU
		{A6EAB05E-30D4-4FA3-80E6-3E1D51F2BFE9}.Debug|Any CPU.ActiveCfg = Debug|Any CPU
		{A6EAB05E-30D4-4FA3-80E6-3E1D51F2BFE9}.Debug|Any CPU.Build.0 = Debug|Any CPU
		{A6EAB05E-30D4-4FA3-80E6-3E1D51F2BFE9}.Debug|Mixed Platforms.ActiveCfg = Debug|Any CPU
		{A6EAB05E-30D4-4FA3-80E6-3E1D51F2BFE9}.Debug|Mixed Platforms.Build.0 = Debug|Any CPU
		{A6EAB05E-30D4-4FA3-80E6-3E1D51F2BFE9}.Debug|Win32.ActiveCfg = Debug|Any CPU
		{A6EAB05E-30D4-4FA3-80E6-3E1D51F2BFE9}.Release|Any CPU.ActiveCfg = Release|Any CPU
		{A6EAB05E-30D4-4FA3-80E6-3E1D51F2BFE9}.Release|Any CPU.Build.0 = Release|Any CPU
		{A6EAB05E-30D4-4FA3-80E6-3E1D51F2BFE9}.Release|Mixed Platforms.ActiveCfg = Release|Any CPU
		{A6EAB05E-30D4-4FA3-80E6-3E1D51F2BFE9}.Release|Mixed Platforms.Build.0 = Release|Any CPU
		{A6EAB05E-30D4-4FA3-80E6-3E1D51F2BFE9}.Release|Win32.ActiveCfg = Release|Any CPU
		{24E7211A-DFEB-40C7-A08C-62BDE28443E6}.Debug|Any CPU.ActiveCfg = Debug|Any CPU
		{24E7211A-DFEB-40C7-A08C-62BDE28443E6}.Debug|Any CPU.Build.0 = Debug|Any CPU
		{24E7211A-DFEB-40C7-A08C-62BDE28443E6}.Debug|Mixed Platforms.ActiveCfg = Debug|Any CPU
		{24E7211A-DFEB-40C7-A08C-62BDE28443E6}.Debug|Mixed Platforms.Build.0 = Debug|Any CPU
		{24E7211A-DFEB-40C7-A08C-62BDE28443E6}.Debug|Win32.ActiveCfg = Debug|Any CPU
		{24E7211A-DFEB-40C7-A08C-62BDE28443E6}.Release|Any CPU.ActiveCfg = Release|Any CPU
		{24E7211A-DFEB-40C7-A08C-62BDE28443E6}.Release|Any CPU.Build.0 = Release|Any CPU
		{24E7211A-DFEB-40C7-A08C-62BDE28443E6}.Release|Mixed Platforms.ActiveCfg = Release|Any CPU
		{24E7211A-DFEB-40C7-A08C-62BDE28443E6}.Release|Mixed Platforms.Build.0 = Release|Any CPU
		{24E7211A-DFEB-40C7-A08C-62BDE28443E6}.Release|Win32.ActiveCfg = Release|Any CPU
		{E8D4046B-2AB0-4EFD-8F38-C2A7BD77E997}.Debug|Any CPU.ActiveCfg = Debug|Any CPU
		{E8D4046B-2AB0-4EFD-8F38-C2A7BD77E997}.Debug|Any CPU.Build.0 = Debug|Any CPU
		{E8D4046B-2AB0-4EFD-8F38-C2A7BD77E997}.Debug|Mixed Platforms.ActiveCfg = Debug|Any CPU
		{E8D4046B-2AB0-4EFD-8F38-C2A7BD77E997}.Debug|Mixed Platforms.Build.0 = Debug|Any CPU
		{E8D4046B-2AB0-4EFD-8F38-C2A7BD77E997}.Debug|Win32.ActiveCfg = Debug|Any CPU
		{E8D4046B-2AB0-4EFD-8F38-C2A7BD77E997}.Release|Any CPU.ActiveCfg = Release|Any CPU
		{E8D4046B-2AB0-4EFD-8F38-C2A7BD77E997}.Release|Any CPU.Build.0 = Release|Any CPU
		{E8D4046B-2AB0-4EFD-8F38-C2A7BD77E997}.Release|Mixed Platforms.ActiveCfg = Release|Any CPU
		{E8D4046B-2AB0-4EFD-8F38-C2A7BD77E997}.Release|Mixed Platforms.Build.0 = Release|Any CPU
		{E8D4046B-2AB0-4EFD-8F38-C2A7BD77E997}.Release|Win32.ActiveCfg = Release|Any CPU
		{CE3761F5-1C5E-4B0D-A46C-E11682E67C1C}.Debug|Any CPU.ActiveCfg = Debug|Any CPU
		{CE3761F5-1C5E-4B0D-A46C-E11682E67C1C}.Debug|Any CPU.Build.0 = Debug|Any CPU
		{CE3761F5-1C5E-4B0D-A46C-E11682E67C1C}.Debug|Mixed Platforms.ActiveCfg = Debug|Any CPU
		{CE3761F5-1C5E-4B0D-A46C-E11682E67C1C}.Debug|Mixed Platforms.Build.0 = Debug|Any CPU
		{CE3761F5-1C5E-4B0D-A46C-E11682E67C1C}.Debug|Win32.ActiveCfg = Debug|Any CPU
		{CE3761F5-1C5E-4B0D-A46C-E11682E67C1C}.Release|Any CPU.ActiveCfg = Release|Any CPU
		{CE3761F5-1C5E-4B0D-A46C-E11682E67C1C}.Release|Any CPU.Build.0 = Release|Any CPU
		{CE3761F5-1C5E-4B0D-A46C-E11682E67C1C}.Release|Mixed Platforms.ActiveCfg = Release|Any CPU
		{CE3761F5-1C5E-4B0D-A46C-E11682E67C1C}.Release|Mixed Platforms.Build.0 = Release|Any CPU
		{CE3761F5-1C5E-4B0D-A46C-E11682E67C1C}.Release|Win32.ActiveCfg = Release|Any CPU
	EndGlobalSection
	GlobalSection(SolutionProperties) = preSolution
		HideSolutionNode = FALSE
	EndGlobalSection
EndGlobal
