
Microsoft Visual Studio Solution File, Format Version 12.00
# Visual Studio 2013
VisualStudioVersion = 12.0.30501.0
MinimumVisualStudioVersion = 10.0.40219.1
Project("{F184B08F-C81C-45F6-A57F-5ABD9991F28F}") = "WADV", "WADV\WADV.vbproj", "{0D72E99F-FAF2-4010-B958-85D44CD21CC6}"
EndProject
Project("{F184B08F-C81C-45F6-A57F-5ABD9991F28F}") = "WADV.ImageModule", "WADV.ImageModule\WADV.ImageModule.vbproj", "{6132D0DA-A5AD-46E8-8952-1445118E3F97}"
EndProject
Project("{F184B08F-C81C-45F6-A57F-5ABD9991F28F}") = "WADV.TextModule", "WADV.TextModule\WADV.TextModule.vbproj", "{67F83B68-5996-4AF6-B596-FDA9BEFD9A4C}"
EndProject
Project("{F184B08F-C81C-45F6-A57F-5ABD9991F28F}") = "WPSoft.AVGCore", "WPSoft.AVGCore\WPSoft.AVGCore.vbproj", "{D297AFF5-2E52-4E03-A905-7CD1F40EDE08}"
EndProject
Project("{F184B08F-C81C-45F6-A57F-5ABD9991F28F}") = "WADV.ChoiceModule", "WADV.ChoiceModule\WADV.ChoiceModule.vbproj", "{EECE56F4-F266-4F3E-80CE-79EB7B28FE21}"
EndProject
Global
	GlobalSection(SolutionConfigurationPlatforms) = preSolution
		Debug|Any CPU = Debug|Any CPU
		Release|Any CPU = Release|Any CPU
	EndGlobalSection
	GlobalSection(ProjectConfigurationPlatforms) = postSolution
		{0D72E99F-FAF2-4010-B958-85D44CD21CC6}.Debug|Any CPU.ActiveCfg = Debug|Any CPU
		{0D72E99F-FAF2-4010-B958-85D44CD21CC6}.Debug|Any CPU.Build.0 = Debug|Any CPU
		{0D72E99F-FAF2-4010-B958-85D44CD21CC6}.Release|Any CPU.ActiveCfg = Release|Any CPU
		{0D72E99F-FAF2-4010-B958-85D44CD21CC6}.Release|Any CPU.Build.0 = Release|Any CPU
		{6132D0DA-A5AD-46E8-8952-1445118E3F97}.Debug|Any CPU.ActiveCfg = Debug|Any CPU
		{6132D0DA-A5AD-46E8-8952-1445118E3F97}.Debug|Any CPU.Build.0 = Debug|Any CPU
		{6132D0DA-A5AD-46E8-8952-1445118E3F97}.Release|Any CPU.ActiveCfg = Release|Any CPU
		{6132D0DA-A5AD-46E8-8952-1445118E3F97}.Release|Any CPU.Build.0 = Release|Any CPU
		{67F83B68-5996-4AF6-B596-FDA9BEFD9A4C}.Debug|Any CPU.ActiveCfg = Debug|Any CPU
		{67F83B68-5996-4AF6-B596-FDA9BEFD9A4C}.Debug|Any CPU.Build.0 = Debug|Any CPU
		{67F83B68-5996-4AF6-B596-FDA9BEFD9A4C}.Release|Any CPU.ActiveCfg = Release|Any CPU
		{67F83B68-5996-4AF6-B596-FDA9BEFD9A4C}.Release|Any CPU.Build.0 = Release|Any CPU
		{D297AFF5-2E52-4E03-A905-7CD1F40EDE08}.Debug|Any CPU.ActiveCfg = Debug|Any CPU
		{D297AFF5-2E52-4E03-A905-7CD1F40EDE08}.Debug|Any CPU.Build.0 = Debug|Any CPU
		{D297AFF5-2E52-4E03-A905-7CD1F40EDE08}.Release|Any CPU.ActiveCfg = Release|Any CPU
		{D297AFF5-2E52-4E03-A905-7CD1F40EDE08}.Release|Any CPU.Build.0 = Release|Any CPU
		{EECE56F4-F266-4F3E-80CE-79EB7B28FE21}.Debug|Any CPU.ActiveCfg = Debug|Any CPU
		{EECE56F4-F266-4F3E-80CE-79EB7B28FE21}.Debug|Any CPU.Build.0 = Debug|Any CPU
		{EECE56F4-F266-4F3E-80CE-79EB7B28FE21}.Release|Any CPU.ActiveCfg = Release|Any CPU
		{EECE56F4-F266-4F3E-80CE-79EB7B28FE21}.Release|Any CPU.Build.0 = Release|Any CPU
	EndGlobalSection
	GlobalSection(SolutionProperties) = preSolution
		HideSolutionNode = FALSE
	EndGlobalSection
EndGlobal
